
Microsoft Visual Studio Solution File, Format Version 12.00
# Visual Studio 2013
VisualStudioVersion = 12.0.40629.0
MinimumVisualStudioVersion = 10.0.40219.1
Project("{FAE04EC0-301F-11D3-BF4B-00C04F79EFBC}") = "wsInterfaz2013", "wsInterfaz2013\wsInterfaz2013.csproj", "{05019973-9065-4FBC-B254-87B5A29E44A8}"
EndProject
Project("{FAE04EC0-301F-11D3-BF4B-00C04F79EFBC}") = "ConectorFinanciera", "ConectorFinanciera\ConectorFinanciera.csproj", "{3594C3EC-4433-4D4B-8347-CE504F5ACF5B}"
EndProject
Global
	GlobalSection(SolutionConfigurationPlatforms) = preSolution
		Debug|Any CPU = Debug|Any CPU
		Release|Any CPU = Release|Any CPU
	EndGlobalSection
	GlobalSection(ProjectConfigurationPlatforms) = postSolution
		{05019973-9065-4FBC-B254-87B5A29E44A8}.Debug|Any CPU.ActiveCfg = Debug|Any CPU
		{05019973-9065-4FBC-B254-87B5A29E44A8}.Debug|Any CPU.Build.0 = Debug|Any CPU
		{05019973-9065-4FBC-B254-87B5A29E44A8}.Release|Any CPU.ActiveCfg = Release|Any CPU
		{05019973-9065-4FBC-B254-87B5A29E44A8}.Release|Any CPU.Build.0 = Release|Any CPU
		{3594C3EC-4433-4D4B-8347-CE504F5ACF5B}.Debug|Any CPU.ActiveCfg = Debug|Any CPU
		{3594C3EC-4433-4D4B-8347-CE504F5ACF5B}.Debug|Any CPU.Build.0 = Debug|Any CPU
		{3594C3EC-4433-4D4B-8347-CE504F5ACF5B}.Release|Any CPU.ActiveCfg = Release|Any CPU
		{3594C3EC-4433-4D4B-8347-CE504F5ACF5B}.Release|Any CPU.Build.0 = Release|Any CPU
	EndGlobalSection
	GlobalSection(SolutionProperties) = preSolution
		HideSolutionNode = FALSE
	EndGlobalSection
EndGlobal
